
Microsoft Visual Studio Solution File, Format Version 12.00
# Visual Studio Version 17
VisualStudioVersion = 17.11.35222.181
MinimumVisualStudioVersion = 10.0.40219.1
Project("{FAE04EC0-301F-11D3-BF4B-00C04F79EFBC}") = "AddressVasker", "AddressVasker.csproj", "{9340B0CE-6DC1-4D6F-8D5A-FF808BFD159B}"
EndProject
Project("{9A19103F-16F7-4668-BE54-9A1E7A4F7556}") = "LocalAPI", "LocalAPI\LocalAPI.csproj", "{3507FEC2-AB2D-4040-8901-43479135206E}"
EndProject
Project("{FAE04EC0-301F-11D3-BF4B-00C04F79EFBC}") = "Adressevasker.UnitTests", "..\Adressevasker.UnitTests\Adressevasker.UnitTests.csproj", "{A04A53F9-9577-4B91-BFD8-A1F450485DAF}"
EndProject
Global
	GlobalSection(SolutionConfigurationPlatforms) = preSolution
		Debug|Any CPU = Debug|Any CPU
		Release|Any CPU = Release|Any CPU
	EndGlobalSection
	GlobalSection(ProjectConfigurationPlatforms) = postSolution
		{9340B0CE-6DC1-4D6F-8D5A-FF808BFD159B}.Debug|Any CPU.ActiveCfg = Debug|Any CPU
		{9340B0CE-6DC1-4D6F-8D5A-FF808BFD159B}.Debug|Any CPU.Build.0 = Debug|Any CPU
		{9340B0CE-6DC1-4D6F-8D5A-FF808BFD159B}.Release|Any CPU.ActiveCfg = Release|Any CPU
		{9340B0CE-6DC1-4D6F-8D5A-FF808BFD159B}.Release|Any CPU.Build.0 = Release|Any CPU
		{3507FEC2-AB2D-4040-8901-43479135206E}.Debug|Any CPU.ActiveCfg = Debug|Any CPU
		{3507FEC2-AB2D-4040-8901-43479135206E}.Debug|Any CPU.Build.0 = Debug|Any CPU
		{3507FEC2-AB2D-4040-8901-43479135206E}.Release|Any CPU.ActiveCfg = Release|Any CPU
		{3507FEC2-AB2D-4040-8901-43479135206E}.Release|Any CPU.Build.0 = Release|Any CPU
		{A04A53F9-9577-4B91-BFD8-A1F450485DAF}.Debug|Any CPU.ActiveCfg = Debug|Any CPU
		{A04A53F9-9577-4B91-BFD8-A1F450485DAF}.Debug|Any CPU.Build.0 = Debug|Any CPU
		{A04A53F9-9577-4B91-BFD8-A1F450485DAF}.Release|Any CPU.ActiveCfg = Release|Any CPU
		{A04A53F9-9577-4B91-BFD8-A1F450485DAF}.Release|Any CPU.Build.0 = Release|Any CPU
	EndGlobalSection
	GlobalSection(SolutionProperties) = preSolution
		HideSolutionNode = FALSE
	EndGlobalSection
	GlobalSection(ExtensibilityGlobals) = postSolution
		SolutionGuid = {26AE4882-8D25-4BF0-A00B-38AE84648F4B}
	EndGlobalSection
EndGlobal
